// !$*UTF8*$!
{
	archiveVersion = 1;
	classes = {
	};
	objectVersion = 56;
	objects = {

/* Begin PBXBuildFile section */
		C7BE4DC028F1F9A100A45F58 /* main.cpp in Sources */ = {isa = PBXBuildFile; fileRef = C7BE4DBF28F1F9A100A45F58 /* main.cpp */; };
		C7BE4DC828F1FA5700A45F58 /* OpenGL.framework in Frameworks */ = {isa = PBXBuildFile; fileRef = C7BE4DC728F1FA5700A45F58 /* OpenGL.framework */; };
		C7BE4DCA28F1FA6600A45F58 /* libglfw.3.3.dylib in Frameworks */ = {isa = PBXBuildFile; fileRef = C7BE4DC928F1FA6600A45F58 /* libglfw.3.3.dylib */; };
		C7BE4DCC28F1FA7800A45F58 /* libGLEW.2.2.0.dylib in Frameworks */ = {isa = PBXBuildFile; fileRef = C7BE4DCB28F1FA7800A45F58 /* libGLEW.2.2.0.dylib */; };
		C7BE4DCF28F2149900A45F58 /* Cocoa.framework in Frameworks */ = {isa = PBXBuildFile; fileRef = C7BE4DCE28F2149900A45F58 /* Cocoa.framework */; };
		C7BE4DD128F2149F00A45F58 /* GLUT.framework in Frameworks */ = {isa = PBXBuildFile; fileRef = C7BE4DD028F2149F00A45F58 /* GLUT.framework */; };
/* End PBXBuildFile section */

/* Begin PBXCopyFilesBuildPhase section */
		C7BE4DBA28F1F9A100A45F58 /* CopyFiles */ = {
			isa = PBXCopyFilesBuildPhase;
			buildActionMask = 2147483647;
			dstPath = /usr/share/man/man1/;
			dstSubfolderSpec = 0;
			files = (
			);
			runOnlyForDeploymentPostprocessing = 1;
		};
/* End PBXCopyFilesBuildPhase section */

/* Begin PBXFileReference section */
		C7BE4DBC28F1F9A100A45F58 /* FIRDigitalFilterDemo */ = {isa = PBXFileReference; explicitFileType = "compiled.mach-o.executable"; includeInIndex = 0; path = FIRDigitalFilterDemo; sourceTree = BUILT_PRODUCTS_DIR; };
		C7BE4DBF28F1F9A100A45F58 /* main.cpp */ = {isa = PBXFileReference; lastKnownFileType = sourcecode.cpp.cpp; path = main.cpp; sourceTree = "<group>"; xcLanguageSpecificationIdentifier = xcode.lang.cpp; };
		C7BE4DC728F1FA5700A45F58 /* OpenGL.framework */ = {isa = PBXFileReference; lastKnownFileType = wrapper.framework; name = OpenGL.framework; path = System/Library/Frameworks/OpenGL.framework; sourceTree = SDKROOT; };
		C7BE4DC928F1FA6600A45F58 /* libglfw.3.3.dylib */ = {isa = PBXFileReference; lastKnownFileType = "compiled.mach-o.dylib"; name = libglfw.3.3.dylib; path = ../../../../../opt/homebrew/Cellar/glfw/3.3.8/lib/libglfw.3.3.dylib; sourceTree = "<group>"; };
		C7BE4DCB28F1FA7800A45F58 /* libGLEW.2.2.0.dylib */ = {isa = PBXFileReference; lastKnownFileType = "compiled.mach-o.dylib"; name = libGLEW.2.2.0.dylib; path = ../../../../../opt/homebrew/Cellar/glew/2.2.0_1/lib/libGLEW.2.2.0.dylib; sourceTree = "<group>"; };
		C7BE4DCD28F1FA9100A45F58 /* FIRDigitalFilterDemo.entitlements */ = {isa = PBXFileReference; lastKnownFileType = text.plist.entitlements; path = FIRDigitalFilterDemo.entitlements; sourceTree = "<group>"; };
		C7BE4DCE28F2149900A45F58 /* Cocoa.framework */ = {isa = PBXFileReference; lastKnownFileType = wrapper.framework; name = Cocoa.framework; path = System/Library/Frameworks/Cocoa.framework; sourceTree = SDKROOT; };
		C7BE4DD028F2149F00A45F58 /* GLUT.framework */ = {isa = PBXFileReference; lastKnownFileType = wrapper.framework; name = GLUT.framework; path = System/Library/Frameworks/GLUT.framework; sourceTree = SDKROOT; };
/* End PBXFileReference section */

/* Begin PBXFrameworksBuildPhase section */
		C7BE4DB928F1F9A100A45F58 /* Frameworks */ = {
			isa = PBXFrameworksBuildPhase;
			buildActionMask = 2147483647;
			files = (
				C7BE4DD128F2149F00A45F58 /* GLUT.framework in Frameworks */,
				C7BE4DCF28F2149900A45F58 /* Cocoa.framework in Frameworks */,
				C7BE4DCC28F1FA7800A45F58 /* libGLEW.2.2.0.dylib in Frameworks */,
				C7BE4DCA28F1FA6600A45F58 /* libglfw.3.3.dylib in Frameworks */,
				C7BE4DC828F1FA5700A45F58 /* OpenGL.framework in Frameworks */,
			);
			runOnlyForDeploymentPostprocessing = 0;
		};
/* End PBXFrameworksBuildPhase section */

/* Begin PBXGroup section */
		C7BE4DB328F1F9A100A45F58 = {
			isa = PBXGroup;
			children = (
				C7BE4DBE28F1F9A100A45F58 /* FIRDigitalFilterDemo */,
				C7BE4DBD28F1F9A100A45F58 /* Products */,
				C7BE4DC628F1FA5700A45F58 /* Frameworks */,
			);
			sourceTree = "<group>";
		};
		C7BE4DBD28F1F9A100A45F58 /* Products */ = {
			isa = PBXGroup;
			children = (
				C7BE4DBC28F1F9A100A45F58 /* FIRDigitalFilterDemo */,
			);
			name = Products;
			sourceTree = "<group>";
		};
		C7BE4DBE28F1F9A100A45F58 /* FIRDigitalFilterDemo */ = {
			isa = PBXGroup;
			children = (
				C7BE4DCD28F1FA9100A45F58 /* FIRDigitalFilterDemo.entitlements */,
				C7BE4DBF28F1F9A100A45F58 /* main.cpp */,
			);
			path = FIRDigitalFilterDemo;
			sourceTree = "<group>";
		};
		C7BE4DC628F1FA5700A45F58 /* Frameworks */ = {
			isa = PBXGroup;
			children = (
				C7BE4DD028F2149F00A45F58 /* GLUT.framework */,
				C7BE4DCE28F2149900A45F58 /* Cocoa.framework */,
				C7BE4DCB28F1FA7800A45F58 /* libGLEW.2.2.0.dylib */,
				C7BE4DC928F1FA6600A45F58 /* libglfw.3.3.dylib */,
				C7BE4DC728F1FA5700A45F58 /* OpenGL.framework */,
			);
			name = Frameworks;
			sourceTree = "<group>";
		};
/* End PBXGroup section */

/* Begin PBXNativeTarget section */
		C7BE4DBB28F1F9A100A45F58 /* FIRDigitalFilterDemo */ = {
			isa = PBXNativeTarget;
			buildConfigurationList = C7BE4DC328F1F9A100A45F58 /* Build configuration list for PBXNativeTarget "FIRDigitalFilterDemo" */;
			buildPhases = (
				C7BE4DB828F1F9A100A45F58 /* Sources */,
				C7BE4DB928F1F9A100A45F58 /* Frameworks */,
				C7BE4DBA28F1F9A100A45F58 /* CopyFiles */,
			);
			buildRules = (
			);
			dependencies = (
			);
			name = FIRDigitalFilterDemo;
			productName = DigitalFilters;
			productReference = C7BE4DBC28F1F9A100A45F58 /* FIRDigitalFilterDemo */;
			productType = "com.apple.product-type.tool";
		};
/* End PBXNativeTarget section */

/* Begin PBXProject section */
		C7BE4DB428F1F9A100A45F58 /* Project object */ = {
			isa = PBXProject;
			attributes = {
				BuildIndependentTargetsInParallel = 1;
				LastUpgradeCheck = 1400;
				TargetAttributes = {
					C7BE4DBB28F1F9A100A45F58 = {
						CreatedOnToolsVersion = 14.0.1;
					};
				};
			};
			buildConfigurationList = C7BE4DB728F1F9A100A45F58 /* Build configuration list for PBXProject "FIRDigitalFilterDemo" */;
			compatibilityVersion = "Xcode 14.0";
			developmentRegion = en;
			hasScannedForEncodings = 0;
			knownRegions = (
				en,
				Base,
			);
			mainGroup = C7BE4DB328F1F9A100A45F58;
			productRefGroup = C7BE4DBD28F1F9A100A45F58 /* Products */;
			projectDirPath = "";
			projectRoot = "";
			targets = (
				C7BE4DBB28F1F9A100A45F58 /* FIRDigitalFilterDemo */,
			);
		};
/* End PBXProject section */

/* Begin PBXSourcesBuildPhase section */
		C7BE4DB828F1F9A100A45F58 /* Sources */ = {
			isa = PBXSourcesBuildPhase;
			buildActionMask = 2147483647;
			files = (
				C7BE4DC028F1F9A100A45F58 /* main.cpp in Sources */,
			);
			runOnlyForDeploymentPostprocessing = 0;
		};
/* End PBXSourcesBuildPhase section */

/* Begin XCBuildConfiguration section */
		C7BE4DC128F1F9A100A45F58 /* Debug */ = {
			isa = XCBuildConfiguration;
			buildSettings = {
				ALWAYS_SEARCH_USER_PATHS = NO;
				CLANG_ANALYZER_NONNULL = YES;
				CLANG_ANALYZER_NUMBER_OBJECT_CONVERSION = YES_AGGRESSIVE;
				CLANG_CXX_LANGUAGE_STANDARD = "gnu++20";
				CLANG_ENABLE_MODULES = YES;
				CLANG_ENABLE_OBJC_ARC = YES;
				CLANG_ENABLE_OBJC_WEAK = YES;
				CLANG_WARN_BLOCK_CAPTURE_AUTORELEASING = YES;
				CLANG_WARN_BOOL_CONVERSION = YES;
				CLANG_WARN_COMMA = YES;
				CLANG_WARN_CONSTANT_CONVERSION = YES;
				CLANG_WARN_DEPRECATED_OBJC_IMPLEMENTATIONS = YES;
				CLANG_WARN_DIRECT_OBJC_ISA_USAGE = YES_ERROR;
				CLANG_WARN_DOCUMENTATION_COMMENTS = YES;
				CLANG_WARN_EMPTY_BODY = YES;
				CLANG_WARN_ENUM_CONVERSION = YES;
				CLANG_WARN_INFINITE_RECURSION = YES;
				CLANG_WARN_INT_CONVERSION = YES;
				CLANG_WARN_NON_LITERAL_NULL_CONVERSION = YES;
				CLANG_WARN_OBJC_IMPLICIT_RETAIN_SELF = YES;
				CLANG_WARN_OBJC_LITERAL_CONVERSION = YES;
				CLANG_WARN_OBJC_ROOT_CLASS = YES_ERROR;
				CLANG_WARN_QUOTED_INCLUDE_IN_FRAMEWORK_HEADER = YES;
				CLANG_WARN_RANGE_LOOP_ANALYSIS = YES;
				CLANG_WARN_STRICT_PROTOTYPES = YES;
				CLANG_WARN_SUSPICIOUS_MOVE = YES;
				CLANG_WARN_UNGUARDED_AVAILABILITY = YES_AGGRESSIVE;
				CLANG_WARN_UNREACHABLE_CODE = YES;
				CLANG_WARN__DUPLICATE_METHOD_MATCH = YES;
				COPY_PHASE_STRIP = NO;
				DEBUG_INFORMATION_FORMAT = dwarf;
				ENABLE_STRICT_OBJC_MSGSEND = YES;
				ENABLE_TESTABILITY = YES;
				GCC_C_LANGUAGE_STANDARD = gnu11;
				GCC_DYNAMIC_NO_PIC = NO;
				GCC_NO_COMMON_BLOCKS = YES;
				GCC_OPTIMIZATION_LEVEL = 0;
				GCC_PREPROCESSOR_DEFINITIONS = (
					"DEBUG=1",
					"$(inherited)",
				);
				GCC_WARN_64_TO_32_BIT_CONVERSION = YES;
				GCC_WARN_ABOUT_RETURN_TYPE = YES_ERROR;
				GCC_WARN_UNDECLARED_SELECTOR = YES;
				GCC_WARN_UNINITIALIZED_AUTOS = YES_AGGRESSIVE;
				GCC_WARN_UNUSED_FUNCTION = YES;
				GCC_WARN_UNUSED_VARIABLE = YES;
				MACOSX_DEPLOYMENT_TARGET = 12.3;
				MTL_ENABLE_DEBUG_INFO = INCLUDE_SOURCE;
				MTL_FAST_MATH = YES;
				ONLY_ACTIVE_ARCH = YES;
				SDKROOT = macosx;
			};
			name = Debug;
		};
		C7BE4DC228F1F9A100A45F58 /* Release */ = {
			isa = XCBuildConfiguration;
			buildSettings = {
				ALWAYS_SEARCH_USER_PATHS = NO;
				CLANG_ANALYZER_NONNULL = YES;
				CLANG_ANALYZER_NUMBER_OBJECT_CONVERSION = YES_AGGRESSIVE;
				CLANG_CXX_LANGUAGE_STANDARD = "gnu++20";
				CLANG_ENABLE_MODULES = YES;
				CLANG_ENABLE_OBJC_ARC = YES;
				CLANG_ENABLE_OBJC_WEAK = YES;
				CLANG_WARN_BLOCK_CAPTURE_AUTORELEASING = YES;
				CLANG_WARN_BOOL_CONVERSION = YES;
				CLANG_WARN_COMMA = YES;
				CLANG_WARN_CONSTANT_CONVERSION = YES;
				CLANG_WARN_DEPRECATED_OBJC_IMPLEMENTATIONS = YES;
				CLANG_WARN_DIRECT_OBJC_ISA_USAGE = YES_ERROR;
				CLANG_WARN_DOCUMENTATION_COMMENTS = YES;
				CLANG_WARN_EMPTY_BODY = YES;
				CLANG_WARN_ENUM_CONVERSION = YES;
				CLANG_WARN_INFINITE_RECURSION = YES;
				CLANG_WARN_INT_CONVERSION = YES;
				CLANG_WARN_NON_LITERAL_NULL_CONVERSION = YES;
				CLANG_WARN_OBJC_IMPLICIT_RETAIN_SELF = YES;
				CLANG_WARN_OBJC_LITERAL_CONVERSION = YES;
				CLANG_WARN_OBJC_ROOT_CLASS = YES_ERROR;
				CLANG_WARN_QUOTED_INCLUDE_IN_FRAMEWORK_HEADER = YES;
				CLANG_WARN_RANGE_LOOP_ANALYSIS = YES;
				CLANG_WARN_STRICT_PROTOTYPES = YES;
				CLANG_WARN_SUSPICIOUS_MOVE = YES;
				CLANG_WARN_UNGUARDED_AVAILABILITY = YES_AGGRESSIVE;
				CLANG_WARN_UNREACHABLE_CODE = YES;
				CLANG_WARN__DUPLICATE_METHOD_MATCH = YES;
				COPY_PHASE_STRIP = NO;
				DEBUG_INFORMATION_FORMAT = "dwarf-with-dsym";
				ENABLE_NS_ASSERTIONS = NO;
				ENABLE_STRICT_OBJC_MSGSEND = YES;
				GCC_C_LANGUAGE_STANDARD = gnu11;
				GCC_NO_COMMON_BLOCKS = YES;
				GCC_WARN_64_TO_32_BIT_CONVERSION = YES;
				GCC_WARN_ABOUT_RETURN_TYPE = YES_ERROR;
				GCC_WARN_UNDECLARED_SELECTOR = YES;
				GCC_WARN_UNINITIALIZED_AUTOS = YES_AGGRESSIVE;
				GCC_WARN_UNUSED_FUNCTION = YES;
				GCC_WARN_UNUSED_VARIABLE = YES;
				MACOSX_DEPLOYMENT_TARGET = 12.3;
				MTL_ENABLE_DEBUG_INFO = NO;
				MTL_FAST_MATH = YES;
				SDKROOT = macosx;
			};
			name = Release;
		};
		C7BE4DC428F1F9A100A45F58 /* Debug */ = {
			isa = XCBuildConfiguration;
			buildSettings = {
				CODE_SIGN_ENTITLEMENTS = FIRDigitalFilterDemo/FIRDigitalFilterDemo.entitlements;
				CODE_SIGN_IDENTITY = "Apple Development";
				CODE_SIGN_STYLE = Automatic;
				DEVELOPMENT_TEAM = LMUBQ423W6;
				ENABLE_HARDENED_RUNTIME = YES;
				HEADER_SEARCH_PATHS = (
					/opt/homebrew/include,
					/opt/homebrew/Cellar/glfw/3.3.8/include,
					/opt/homebrew/Cellar/glew/2.2.0_1/include,
				);
				LIBRARY_SEARCH_PATHS = (
					/opt/homebrew/Cellar/glew/2.2.0_1/lib,
					/opt/homebrew/Cellar/glfw/3.3.8/lib,
				);
				PRODUCT_NAME = "$(TARGET_NAME)";
				PROVISIONING_PROFILE_SPECIFIER = "";
			};
			name = Debug;
		};
		C7BE4DC528F1F9A100A45F58 /* Release */ = {
			isa = XCBuildConfiguration;
			buildSettings = {
				CODE_SIGN_ENTITLEMENTS = FIRDigitalFilterDemo/FIRDigitalFilterDemo.entitlements;
				CODE_SIGN_IDENTITY = "Apple Development";
				CODE_SIGN_STYLE = Automatic;
				DEVELOPMENT_TEAM = LMUBQ423W6;
				ENABLE_HARDENED_RUNTIME = YES;
				HEADER_SEARCH_PATHS = (
					/opt/homebrew/include,
					/opt/homebrew/Cellar/glfw/3.3.8/include,
					/opt/homebrew/Cellar/glew/2.2.0_1/include,
				);
				LIBRARY_SEARCH_PATHS = (
					/opt/homebrew/Cellar/glew/2.2.0_1/lib,
					/opt/homebrew/Cellar/glfw/3.3.8/lib,
				);
				PRODUCT_NAME = "$(TARGET_NAME)";
				PROVISIONING_PROFILE_SPECIFIER = "";
			};
			name = Release;
		};
/* End XCBuildConfiguration section */

/* Begin XCConfigurationList section */
		C7BE4DB728F1F9A100A45F58 /* Build configuration list for PBXProject "FIRDigitalFilterDemo" */ = {
			isa = XCConfigurationList;
			buildConfigurations = (
				C7BE4DC128F1F9A100A45F58 /* Debug */,
				C7BE4DC228F1F9A100A45F58 /* Release */,
			);
			defaultConfigurationIsVisible = 0;
			defaultConfigurationName = Release;
		};
		C7BE4DC328F1F9A100A45F58 /* Build configuration list for PBXNativeTarget "FIRDigitalFilterDemo" */ = {
			isa = XCConfigurationList;
			buildConfigurations = (
				C7BE4DC428F1F9A100A45F58 /* Debug */,
				C7BE4DC528F1F9A100A45F58 /* Release */,
			);
			defaultConfigurationIsVisible = 0;
			defaultConfigurationName = Release;
		};
/* End XCConfigurationList section */
	};
	rootObject = C7BE4DB428F1F9A100A45F58 /* Project object */;
}
